
Microsoft Visual Studio Solution File, Format Version 12.00
# Visual Studio 15
Project("{FAE04EC0-301F-11D3-BF4B-00C04F79EFBC}") = "Assembly-CSharp", "Assembly-CSharp.csproj", "{6CA3B003-E2CF-0D2B-4D4E-503D8FE73FBB}"
EndProject
Project("{FAE04EC0-301F-11D3-BF4B-00C04F79EFBC}") = "Assembly-CSharp-Editor", "Assembly-CSharp-Editor.csproj", "{C996FA63-A79B-08C3-6001-232EC9F3F4B2}"
EndProject
Global
	GlobalSection(SolutionConfigurationPlatforms) = preSolution
		Debug|Any CPU = Debug|Any CPU
		Release|Any CPU = Release|Any CPU
	EndGlobalSection
	GlobalSection(ProjectConfigurationPlatforms) = postSolution
		{6CA3B003-E2CF-0D2B-4D4E-503D8FE73FBB}.Debug|Any CPU.ActiveCfg = Debug|Any CPU
		{6CA3B003-E2CF-0D2B-4D4E-503D8FE73FBB}.Debug|Any CPU.Build.0 = Debug|Any CPU
		{6CA3B003-E2CF-0D2B-4D4E-503D8FE73FBB}.Release|Any CPU.ActiveCfg = Release|Any CPU
		{6CA3B003-E2CF-0D2B-4D4E-503D8FE73FBB}.Release|Any CPU.Build.0 = Release|Any CPU
		{C996FA63-A79B-08C3-6001-232EC9F3F4B2}.Debug|Any CPU.ActiveCfg = Debug|Any CPU
		{C996FA63-A79B-08C3-6001-232EC9F3F4B2}.Debug|Any CPU.Build.0 = Debug|Any CPU
		{C996FA63-A79B-08C3-6001-232EC9F3F4B2}.Release|Any CPU.ActiveCfg = Release|Any CPU
		{C996FA63-A79B-08C3-6001-232EC9F3F4B2}.Release|Any CPU.Build.0 = Release|Any CPU
	EndGlobalSection
	GlobalSection(SolutionProperties) = preSolution
		HideSolutionNode = FALSE
	EndGlobalSection
EndGlobal
